// !$*UTF8*$!
{
	archiveVersion = 1;
	classes = {
	};
	objectVersion = 46;
	objects = {

/* Begin PBXBuildFile section */
		791AACE613D3290500ADD2D2 /* ToolDrawerView.m in Sources */ = {isa = PBXBuildFile; fileRef = 791AACE513D3290500ADD2D2 /* ToolDrawerView.m */; };
		79745BA113D31E800065EF70 /* UIKit.framework in Frameworks */ = {isa = PBXBuildFile; fileRef = 79745BA013D31E800065EF70 /* UIKit.framework */; };
		79745BA313D31E800065EF70 /* Foundation.framework in Frameworks */ = {isa = PBXBuildFile; fileRef = 79745BA213D31E800065EF70 /* Foundation.framework */; };
		79745BA513D31E800065EF70 /* CoreGraphics.framework in Frameworks */ = {isa = PBXBuildFile; fileRef = 79745BA413D31E800065EF70 /* CoreGraphics.framework */; };
		79745BAB13D31E800065EF70 /* InfoPlist.strings in Resources */ = {isa = PBXBuildFile; fileRef = 79745BA913D31E800065EF70 /* InfoPlist.strings */; };
		79745BAD13D31E800065EF70 /* main.m in Sources */ = {isa = PBXBuildFile; fileRef = 79745BAC13D31E800065EF70 /* main.m */; };
		79745BB113D31E800065EF70 /* ToolDrawerAppDelegate.m in Sources */ = {isa = PBXBuildFile; fileRef = 79745BB013D31E800065EF70 /* ToolDrawerAppDelegate.m */; };
		79745BB413D31E800065EF70 /* ToolDrawerViewController.m in Sources */ = {isa = PBXBuildFile; fileRef = 79745BB313D31E800065EF70 /* ToolDrawerViewController.m */; };
		79745BB713D31E800065EF70 /* ToolDrawerViewController.xib in Resources */ = {isa = PBXBuildFile; fileRef = 79745BB513D31E800065EF70 /* ToolDrawerViewController.xib */; };
/* End PBXBuildFile section */

/* Begin PBXFileReference section */
		791AACE413D3290500ADD2D2 /* ToolDrawerView.h */ = {isa = PBXFileReference; fileEncoding = 4; lastKnownFileType = sourcecode.c.h; path = ToolDrawerView.h; sourceTree = SOURCE_ROOT; };
		791AACE513D3290500ADD2D2 /* ToolDrawerView.m */ = {isa = PBXFileReference; fileEncoding = 4; lastKnownFileType = sourcecode.c.objc; path = ToolDrawerView.m; sourceTree = SOURCE_ROOT; };
		79745B9C13D31E800065EF70 /* ToolDrawer.app */ = {isa = PBXFileReference; explicitFileType = wrapper.application; includeInIndex = 0; path = ToolDrawer.app; sourceTree = BUILT_PRODUCTS_DIR; };
		79745BA013D31E800065EF70 /* UIKit.framework */ = {isa = PBXFileReference; lastKnownFileType = wrapper.framework; name = UIKit.framework; path = System/Library/Frameworks/UIKit.framework; sourceTree = SDKROOT; };
		79745BA213D31E800065EF70 /* Foundation.framework */ = {isa = PBXFileReference; lastKnownFileType = wrapper.framework; name = Foundation.framework; path = System/Library/Frameworks/Foundation.framework; sourceTree = SDKROOT; };
		79745BA413D31E800065EF70 /* CoreGraphics.framework */ = {isa = PBXFileReference; lastKnownFileType = wrapper.framework; name = CoreGraphics.framework; path = System/Library/Frameworks/CoreGraphics.framework; sourceTree = SDKROOT; };
		79745BA813D31E800065EF70 /* ToolDrawer-Info.plist */ = {isa = PBXFileReference; lastKnownFileType = text.plist.xml; path = "ToolDrawer-Info.plist"; sourceTree = "<group>"; };
		79745BAA13D31E800065EF70 /* en */ = {isa = PBXFileReference; lastKnownFileType = text.plist.strings; name = en; path = en.lproj/InfoPlist.strings; sourceTree = "<group>"; };
		79745BAC13D31E800065EF70 /* main.m */ = {isa = PBXFileReference; lastKnownFileType = sourcecode.c.objc; path = main.m; sourceTree = "<group>"; };
		79745BAE13D31E800065EF70 /* ToolDrawer-Prefix.pch */ = {isa = PBXFileReference; lastKnownFileType = sourcecode.c.h; path = "ToolDrawer-Prefix.pch"; sourceTree = "<group>"; };
		79745BAF13D31E800065EF70 /* ToolDrawerAppDelegate.h */ = {isa = PBXFileReference; lastKnownFileType = sourcecode.c.h; path = ToolDrawerAppDelegate.h; sourceTree = "<group>"; };
		79745BB013D31E800065EF70 /* ToolDrawerAppDelegate.m */ = {isa = PBXFileReference; lastKnownFileType = sourcecode.c.objc; path = ToolDrawerAppDelegate.m; sourceTree = "<group>"; };
		79745BB213D31E800065EF70 /* ToolDrawerViewController.h */ = {isa = PBXFileReference; lastKnownFileType = sourcecode.c.h; path = ToolDrawerViewController.h; sourceTree = "<group>"; };
		79745BB313D31E800065EF70 /* ToolDrawerViewController.m */ = {isa = PBXFileReference; lastKnownFileType = sourcecode.c.objc; path = ToolDrawerViewController.m; sourceTree = "<group>"; };
		79745BB613D31E800065EF70 /* en */ = {isa = PBXFileReference; lastKnownFileType = file.xib; name = en; path = en.lproj/ToolDrawerViewController.xib; sourceTree = "<group>"; };
/* End PBXFileReference section */

/* Begin PBXFrameworksBuildPhase section */
		79745B9913D31E800065EF70 /* Frameworks */ = {
			isa = PBXFrameworksBuildPhase;
			buildActionMask = 2147483647;
			files = (
				79745BA113D31E800065EF70 /* UIKit.framework in Frameworks */,
				79745BA313D31E800065EF70 /* Foundation.framework in Frameworks */,
				79745BA513D31E800065EF70 /* CoreGraphics.framework in Frameworks */,
			);
			runOnlyForDeploymentPostprocessing = 0;
		};
/* End PBXFrameworksBuildPhase section */

/* Begin PBXGroup section */
		79745B9113D31E800065EF70 = {
			isa = PBXGroup;
			children = (
				79745BA613D31E800065EF70 /* ToolDrawer */,
				79745B9F13D31E800065EF70 /* Frameworks */,
				79745B9D13D31E800065EF70 /* Products */,
			);
			sourceTree = "<group>";
		};
		79745B9D13D31E800065EF70 /* Products */ = {
			isa = PBXGroup;
			children = (
				79745B9C13D31E800065EF70 /* ToolDrawer.app */,
			);
			name = Products;
			sourceTree = "<group>";
		};
		79745B9F13D31E800065EF70 /* Frameworks */ = {
			isa = PBXGroup;
			children = (
				79745BA013D31E800065EF70 /* UIKit.framework */,
				79745BA213D31E800065EF70 /* Foundation.framework */,
				79745BA413D31E800065EF70 /* CoreGraphics.framework */,
			);
			name = Frameworks;
			sourceTree = "<group>";
		};
		79745BA613D31E800065EF70 /* ToolDrawer */ = {
			isa = PBXGroup;
			children = (
				79745BAF13D31E800065EF70 /* ToolDrawerAppDelegate.h */,
				79745BB013D31E800065EF70 /* ToolDrawerAppDelegate.m */,
				79745BB213D31E800065EF70 /* ToolDrawerViewController.h */,
				79745BB313D31E800065EF70 /* ToolDrawerViewController.m */,
				79745BB513D31E800065EF70 /* ToolDrawerViewController.xib */,
				791AACE413D3290500ADD2D2 /* ToolDrawerView.h */,
				791AACE513D3290500ADD2D2 /* ToolDrawerView.m */,
				79745BA713D31E800065EF70 /* Supporting Files */,
			);
			path = ToolDrawer;
			sourceTree = "<group>";
		};
		79745BA713D31E800065EF70 /* Supporting Files */ = {
			isa = PBXGroup;
			children = (
				79745BA813D31E800065EF70 /* ToolDrawer-Info.plist */,
				79745BA913D31E800065EF70 /* InfoPlist.strings */,
				79745BAC13D31E800065EF70 /* main.m */,
				79745BAE13D31E800065EF70 /* ToolDrawer-Prefix.pch */,
			);
			name = "Supporting Files";
			sourceTree = "<group>";
		};
/* End PBXGroup section */

/* Begin PBXNativeTarget section */
		79745B9B13D31E800065EF70 /* ToolDrawer */ = {
			isa = PBXNativeTarget;
			buildConfigurationList = 79745BBA13D31E800065EF70 /* Build configuration list for PBXNativeTarget "ToolDrawer" */;
			buildPhases = (
				79745B9813D31E800065EF70 /* Sources */,
				79745B9913D31E800065EF70 /* Frameworks */,
				79745B9A13D31E800065EF70 /* Resources */,
			);
			buildRules = (
			);
			dependencies = (
			);
			name = ToolDrawer;
			productName = ToolDrawer;
			productReference = 79745B9C13D31E800065EF70 /* ToolDrawer.app */;
			productType = "com.apple.product-type.application";
		};
/* End PBXNativeTarget section */

/* Begin PBXProject section */
		79745B9313D31E800065EF70 /* Project object */ = {
			isa = PBXProject;
			attributes = {
				ORGANIZATIONNAME = "Ayal Spitz";
			};
			buildConfigurationList = 79745B9613D31E800065EF70 /* Build configuration list for PBXProject "ToolDrawer" */;
			compatibilityVersion = "Xcode 3.2";
			developmentRegion = English;
			hasScannedForEncodings = 0;
			knownRegions = (
				en,
			);
			mainGroup = 79745B9113D31E800065EF70;
			productRefGroup = 79745B9D13D31E800065EF70 /* Products */;
			projectDirPath = "";
			projectRoot = "";
			targets = (
				79745B9B13D31E800065EF70 /* ToolDrawer */,
			);
		};
/* End PBXProject section */

/* Begin PBXResourcesBuildPhase section */
		79745B9A13D31E800065EF70 /* Resources */ = {
			isa = PBXResourcesBuildPhase;
			buildActionMask = 2147483647;
			files = (
				79745BAB13D31E800065EF70 /* InfoPlist.strings in Resources */,
				79745BB713D31E800065EF70 /* ToolDrawerViewController.xib in Resources */,
			);
			runOnlyForDeploymentPostprocessing = 0;
		};
/* End PBXResourcesBuildPhase section */

/* Begin PBXSourcesBuildPhase section */
		79745B9813D31E800065EF70 /* Sources */ = {
			isa = PBXSourcesBuildPhase;
			buildActionMask = 2147483647;
			files = (
				79745BAD13D31E800065EF70 /* main.m in Sources */,
				79745BB113D31E800065EF70 /* ToolDrawerAppDelegate.m in Sources */,
				79745BB413D31E800065EF70 /* ToolDrawerViewController.m in Sources */,
				791AACE613D3290500ADD2D2 /* ToolDrawerView.m in Sources */,
			);
			runOnlyForDeploymentPostprocessing = 0;
		};
/* End PBXSourcesBuildPhase section */

/* Begin PBXVariantGroup section */
		79745BA913D31E800065EF70 /* InfoPlist.strings */ = {
			isa = PBXVariantGroup;
			children = (
				79745BAA13D31E800065EF70 /* en */,
			);
			name = InfoPlist.strings;
			sourceTree = "<group>";
		};
		79745BB513D31E800065EF70 /* ToolDrawerViewController.xib */ = {
			isa = PBXVariantGroup;
			children = (
				79745BB613D31E800065EF70 /* en */,
			);
			name = ToolDrawerViewController.xib;
			sourceTree = "<group>";
		};
/* End PBXVariantGroup section */

/* Begin XCBuildConfiguration section */
		79745BB813D31E800065EF70 /* Debug */ = {
			isa = XCBuildConfiguration;
			buildSettings = {
				ALWAYS_SEARCH_USER_PATHS = NO;
				ARCHS = "$(ARCHS_STANDARD_32_BIT)";
				CLANG_ENABLE_OBJC_ARC = YES;
				"CODE_SIGN_IDENTITY[sdk=iphoneos*]" = "iPhone Developer";
				COPY_PHASE_STRIP = NO;
				GCC_C_LANGUAGE_STANDARD = gnu99;
				GCC_DYNAMIC_NO_PIC = NO;
				GCC_OPTIMIZATION_LEVEL = 0;
				GCC_PREPROCESSOR_DEFINITIONS = (
					"DEBUG=1",
					"$(inherited)",
				);
				GCC_SYMBOLS_PRIVATE_EXTERN = NO;
				GCC_VERSION = com.apple.compilers.llvm.clang.1_0;
				GCC_WARN_ABOUT_MISSING_PROTOTYPES = YES;
				GCC_WARN_ABOUT_RETURN_TYPE = YES;
				GCC_WARN_UNUSED_VARIABLE = YES;
				IPHONEOS_DEPLOYMENT_TARGET = 5.0;
				SDKROOT = iphoneos;
			};
			name = Debug;
		};
		79745BB913D31E800065EF70 /* Release */ = {
			isa = XCBuildConfiguration;
			buildSettings = {
				ALWAYS_SEARCH_USER_PATHS = NO;
				ARCHS = "$(ARCHS_STANDARD_32_BIT)";
				CLANG_ENABLE_OBJC_ARC = YES;
				"CODE_SIGN_IDENTITY[sdk=iphoneos*]" = "iPhone Developer";
				COPY_PHASE_STRIP = YES;
				GCC_C_LANGUAGE_STANDARD = gnu99;
				GCC_VERSION = com.apple.compilers.llvm.clang.1_0;
				GCC_WARN_ABOUT_MISSING_PROTOTYPES = YES;
				GCC_WARN_ABOUT_RETURN_TYPE = YES;
				GCC_WARN_UNUSED_VARIABLE = YES;
				IPHONEOS_DEPLOYMENT_TARGET = 5.0;
				OTHER_CFLAGS = "-DNS_BLOCK_ASSERTIONS=1";
				SDKROOT = iphoneos;
				VALIDATE_PRODUCT = YES;
			};
			name = Release;
		};
		79745BBB13D31E800065EF70 /* Debug */ = {
			isa = XCBuildConfiguration;
			buildSettings = {
				GCC_PRECOMPILE_PREFIX_HEADER = YES;
				GCC_PREFIX_HEADER = "ToolDrawer/ToolDrawer-Prefix.pch";
				INFOPLIST_FILE = "ToolDrawer/ToolDrawer-Info.plist";
				IPHONEOS_DEPLOYMENT_TARGET = 4.0;
				PRODUCT_NAME = "$(TARGET_NAME)";
				WRAPPER_EXTENSION = app;
			};
			name = Debug;
		};
		79745BBC13D31E800065EF70 /* Release */ = {
			isa = XCBuildConfiguration;
			buildSettings = {
				GCC_PRECOMPILE_PREFIX_HEADER = YES;
				GCC_PREFIX_HEADER = "ToolDrawer/ToolDrawer-Prefix.pch";
				INFOPLIST_FILE = "ToolDrawer/ToolDrawer-Info.plist";
				IPHONEOS_DEPLOYMENT_TARGET = 4.0;
				PRODUCT_NAME = "$(TARGET_NAME)";
				WRAPPER_EXTENSION = app;
			};
			name = Release;
		};
/* End XCBuildConfiguration section */

/* Begin XCConfigurationList section */
		79745B9613D31E800065EF70 /* Build configuration list for PBXProject "ToolDrawer" */ = {
			isa = XCConfigurationList;
			buildConfigurations = (
				79745BB813D31E800065EF70 /* Debug */,
				79745BB913D31E800065EF70 /* Release */,
			);
			defaultConfigurationIsVisible = 0;
			defaultConfigurationName = Release;
		};
		79745BBA13D31E800065EF70 /* Build configuration list for PBXNativeTarget "ToolDrawer" */ = {
			isa = XCConfigurationList;
			buildConfigurations = (
				79745BBB13D31E800065EF70 /* Debug */,
				79745BBC13D31E800065EF70 /* Release */,
			);
			defaultConfigurationIsVisible = 0;
			defaultConfigurationName = Release;
		};
/* End XCConfigurationList section */
	};
	rootObject = 79745B9313D31E800065EF70 /* Project object */;
}
